
Microsoft Visual Studio Solution File, Format Version 12.00
# Visual Studio Version 16
VisualStudioVersion = 16.0.29609.76
MinimumVisualStudioVersion = 10.0.40219.1
Project("{FAE04EC0-301F-11D3-BF4B-00C04F79EFBC}") = "WebApplication1", "WebApplication1\WebApplication1.csproj", "{31185819-347D-416B-870A-8D83D9CDC878}"
EndProject
Global
	GlobalSection(SolutionConfigurationPlatforms) = preSolution
		Debug|Any CPU = Debug|Any CPU
		Release|Any CPU = Release|Any CPU
	EndGlobalSection
	GlobalSection(ProjectConfigurationPlatforms) = postSolution
		{31185819-347D-416B-870A-8D83D9CDC878}.Debug|Any CPU.ActiveCfg = Debug|Any CPU
		{31185819-347D-416B-870A-8D83D9CDC878}.Debug|Any CPU.Build.0 = Debug|Any CPU
		{31185819-347D-416B-870A-8D83D9CDC878}.Release|Any CPU.ActiveCfg = Release|Any CPU
		{31185819-347D-416B-870A-8D83D9CDC878}.Release|Any CPU.Build.0 = Release|Any CPU
	EndGlobalSection
	GlobalSection(SolutionProperties) = preSolution
		HideSolutionNode = FALSE
	EndGlobalSection
	GlobalSection(ExtensibilityGlobals) = postSolution
		SolutionGuid = {3A5D7E52-1E70-4962-9DD6-2B87F06626BE}
	EndGlobalSection
EndGlobal
